
Microsoft Visual Studio Solution File, Format Version 12.00
# Visual Studio 15
VisualStudioVersion = 15.0.27130.2020
MinimumVisualStudioVersion = 10.0.40219.1
Project("{9A19103F-16F7-4668-BE54-9A1E7A4F7556}") = "Shuttle.Esb.Sql.Idempotence", "Shuttle.Esb.Sql.Idempotence\Shuttle.Esb.Sql.Idempotence.csproj", "{028625B5-BE1C-4D29-8656-62EA4BE40692}"
EndProject
Project("{9A19103F-16F7-4668-BE54-9A1E7A4F7556}") = "Shuttle.Esb.Sql.Idempotence.Tests", "Shuttle.Esb.Sql.Idempotence.Tests\Shuttle.Esb.Sql.Idempotence.Tests.csproj", "{28F623CE-11E6-4084-8BF8-33AEB4DF996D}"
EndProject
Project("{2150E333-8FDC-42A3-9474-1A3956D46DE8}") = "Solution Items", "Solution Items", "{248ABA7F-7D94-4D10-9085-52E8E259B509}"
	ProjectSection(SolutionItems) = preProject
		LICENSE = LICENSE
		README.md = README.md
	EndProjectSection
EndProject
Global
	GlobalSection(SolutionConfigurationPlatforms) = preSolution
		Debug|Any CPU = Debug|Any CPU
		Release|Any CPU = Release|Any CPU
	EndGlobalSection
	GlobalSection(ProjectConfigurationPlatforms) = postSolution
		{028625B5-BE1C-4D29-8656-62EA4BE40692}.Debug|Any CPU.ActiveCfg = Debug|Any CPU
		{028625B5-BE1C-4D29-8656-62EA4BE40692}.Debug|Any CPU.Build.0 = Debug|Any CPU
		{028625B5-BE1C-4D29-8656-62EA4BE40692}.Release|Any CPU.ActiveCfg = Release|Any CPU
		{028625B5-BE1C-4D29-8656-62EA4BE40692}.Release|Any CPU.Build.0 = Release|Any CPU
		{28F623CE-11E6-4084-8BF8-33AEB4DF996D}.Debug|Any CPU.ActiveCfg = Debug|Any CPU
		{28F623CE-11E6-4084-8BF8-33AEB4DF996D}.Debug|Any CPU.Build.0 = Debug|Any CPU
		{28F623CE-11E6-4084-8BF8-33AEB4DF996D}.Release|Any CPU.ActiveCfg = Release|Any CPU
		{28F623CE-11E6-4084-8BF8-33AEB4DF996D}.Release|Any CPU.Build.0 = Release|Any CPU
	EndGlobalSection
	GlobalSection(SolutionProperties) = preSolution
		HideSolutionNode = FALSE
	EndGlobalSection
	GlobalSection(ExtensibilityGlobals) = postSolution
		SolutionGuid = {357D6310-CB2A-4E16-BA4E-44832FA38093}
	EndGlobalSection
EndGlobal
